
Microsoft Visual Studio Solution File, Format Version 12.00
# Visual Studio 15
VisualStudioVersion = 15.0.27004.2005
MinimumVisualStudioVersion = 10.0.40219.1
Project("{FAE04EC0-301F-11D3-BF4B-00C04F79EFBC}") = "UHRSDataCollection", "UHRSDataCollection\UHRSDataCollection.csproj", "{E004EFB7-69C9-4212-98FD-8B288DFE085A}"
	ProjectSection(ProjectDependencies) = postProject
		{5F0E7B5B-5924-4F2A-8CFE-D016003997D0} = {5F0E7B5B-5924-4F2A-8CFE-D016003997D0}
	EndProjectSection
EndProject
Project("{FAE04EC0-301F-11D3-BF4B-00C04F79EFBC}") = "CmdParser", "CmdParser\CmdParser.csproj", "{5F0E7B5B-5924-4F2A-8CFE-D016003997D0}"
EndProject
Global
	GlobalSection(SolutionConfigurationPlatforms) = preSolution
		Debug|x64 = Debug|x64
		Release|x64 = Release|x64
	EndGlobalSection
	GlobalSection(ProjectConfigurationPlatforms) = postSolution
		{E004EFB7-69C9-4212-98FD-8B288DFE085A}.Debug|x64.ActiveCfg = Debug|x64
		{E004EFB7-69C9-4212-98FD-8B288DFE085A}.Debug|x64.Build.0 = Debug|x64
		{E004EFB7-69C9-4212-98FD-8B288DFE085A}.Release|x64.ActiveCfg = Release|x64
		{E004EFB7-69C9-4212-98FD-8B288DFE085A}.Release|x64.Build.0 = Release|x64
		{5F0E7B5B-5924-4F2A-8CFE-D016003997D0}.Debug|x64.ActiveCfg = Debug|x64
		{5F0E7B5B-5924-4F2A-8CFE-D016003997D0}.Debug|x64.Build.0 = Debug|x64
		{5F0E7B5B-5924-4F2A-8CFE-D016003997D0}.Release|x64.ActiveCfg = Release|x64
		{5F0E7B5B-5924-4F2A-8CFE-D016003997D0}.Release|x64.Build.0 = Release|x64
	EndGlobalSection
	GlobalSection(SolutionProperties) = preSolution
		HideSolutionNode = FALSE
	EndGlobalSection
	GlobalSection(ExtensibilityGlobals) = postSolution
		SolutionGuid = {496C5D43-67BF-44F0-B4DE-E24985C95F78}
	EndGlobalSection
EndGlobal
